
Microsoft Visual Studio Solution File, Format Version 12.00
# Visual Studio 15
VisualStudioVersion = 15.0.27703.2026
MinimumVisualStudioVersion = 10.0.40219.1
Project("{8BC9CEB8-8B4A-11D0-8D11-00A0C91BC942}") = "kruchkova_5.2", "kruchkova_5.2\kruchkova_5.2.vcxproj", "{A2C14A7C-A561-4291-B510-E67072040E1B}"
EndProject
Project("{8BC9CEB8-8B4A-11D0-8D11-00A0C91BC942}") = "ConsoleApplication1", "ConsoleApplication1\ConsoleApplication1.vcxproj", "{370D7F81-86CC-4DAA-B803-1E186EE47FD0}"
EndProject
Project("{8BC9CEB8-8B4A-11D0-8D11-00A0C91BC942}") = "CerealTest", "CerealTest\CerealTest.vcxproj", "{BB0CB1F0-2125-4508-BE5E-21113EE26BC9}"
EndProject
Project("{8BC9CEB8-8B4A-11D0-8D11-00A0C91BC942}") = "Buyer", "Buyer\Buyer.vcxproj", "{69DF3174-29BA-4AE3-ABF8-8B3193B43029}"
EndProject
Project("{8BC9CEB8-8B4A-11D0-8D11-00A0C91BC942}") = "Dispatcher", "Dispatcher\Dispatcher.vcxproj", "{68D81F22-8047-46D3-A58E-BD60DB88F71F}"
EndProject
Project("{8BC9CEB8-8B4A-11D0-8D11-00A0C91BC942}") = "Cook", "Cook\Cook.vcxproj", "{B60738E8-03FC-4268-9C67-4F834DB3A6EB}"
EndProject
Global
	GlobalSection(SolutionConfigurationPlatforms) = preSolution
		Debug|x64 = Debug|x64
		Debug|x86 = Debug|x86
		Release|x64 = Release|x64
		Release|x86 = Release|x86
	EndGlobalSection
	GlobalSection(ProjectConfigurationPlatforms) = postSolution
		{A2C14A7C-A561-4291-B510-E67072040E1B}.Debug|x64.ActiveCfg = Debug|x64
		{A2C14A7C-A561-4291-B510-E67072040E1B}.Debug|x64.Build.0 = Debug|x64
		{A2C14A7C-A561-4291-B510-E67072040E1B}.Debug|x86.ActiveCfg = Debug|Win32
		{A2C14A7C-A561-4291-B510-E67072040E1B}.Debug|x86.Build.0 = Debug|Win32
		{A2C14A7C-A561-4291-B510-E67072040E1B}.Release|x64.ActiveCfg = Release|x64
		{A2C14A7C-A561-4291-B510-E67072040E1B}.Release|x64.Build.0 = Release|x64
		{A2C14A7C-A561-4291-B510-E67072040E1B}.Release|x86.ActiveCfg = Release|Win32
		{A2C14A7C-A561-4291-B510-E67072040E1B}.Release|x86.Build.0 = Release|Win32
		{370D7F81-86CC-4DAA-B803-1E186EE47FD0}.Debug|x64.ActiveCfg = Debug|x64
		{370D7F81-86CC-4DAA-B803-1E186EE47FD0}.Debug|x64.Build.0 = Debug|x64
		{370D7F81-86CC-4DAA-B803-1E186EE47FD0}.Debug|x86.ActiveCfg = Debug|Win32
		{370D7F81-86CC-4DAA-B803-1E186EE47FD0}.Debug|x86.Build.0 = Debug|Win32
		{370D7F81-86CC-4DAA-B803-1E186EE47FD0}.Release|x64.ActiveCfg = Release|x64
		{370D7F81-86CC-4DAA-B803-1E186EE47FD0}.Release|x64.Build.0 = Release|x64
		{370D7F81-86CC-4DAA-B803-1E186EE47FD0}.Release|x86.ActiveCfg = Release|Win32
		{370D7F81-86CC-4DAA-B803-1E186EE47FD0}.Release|x86.Build.0 = Release|Win32
		{BB0CB1F0-2125-4508-BE5E-21113EE26BC9}.Debug|x64.ActiveCfg = Debug|x64
		{BB0CB1F0-2125-4508-BE5E-21113EE26BC9}.Debug|x64.Build.0 = Debug|x64
		{BB0CB1F0-2125-4508-BE5E-21113EE26BC9}.Debug|x86.ActiveCfg = Debug|Win32
		{BB0CB1F0-2125-4508-BE5E-21113EE26BC9}.Debug|x86.Build.0 = Debug|Win32
		{BB0CB1F0-2125-4508-BE5E-21113EE26BC9}.Release|x64.ActiveCfg = Release|x64
		{BB0CB1F0-2125-4508-BE5E-21113EE26BC9}.Release|x64.Build.0 = Release|x64
		{BB0CB1F0-2125-4508-BE5E-21113EE26BC9}.Release|x86.ActiveCfg = Release|Win32
		{BB0CB1F0-2125-4508-BE5E-21113EE26BC9}.Release|x86.Build.0 = Release|Win32
		{69DF3174-29BA-4AE3-ABF8-8B3193B43029}.Debug|x64.ActiveCfg = Debug|x64
		{69DF3174-29BA-4AE3-ABF8-8B3193B43029}.Debug|x64.Build.0 = Debug|x64
		{69DF3174-29BA-4AE3-ABF8-8B3193B43029}.Debug|x86.ActiveCfg = Debug|Win32
		{69DF3174-29BA-4AE3-ABF8-8B3193B43029}.Debug|x86.Build.0 = Debug|Win32
		{69DF3174-29BA-4AE3-ABF8-8B3193B43029}.Release|x64.ActiveCfg = Release|x64
		{69DF3174-29BA-4AE3-ABF8-8B3193B43029}.Release|x64.Build.0 = Release|x64
		{69DF3174-29BA-4AE3-ABF8-8B3193B43029}.Release|x86.ActiveCfg = Release|Win32
		{69DF3174-29BA-4AE3-ABF8-8B3193B43029}.Release|x86.Build.0 = Release|Win32
		{68D81F22-8047-46D3-A58E-BD60DB88F71F}.Debug|x64.ActiveCfg = Debug|x64
		{68D81F22-8047-46D3-A58E-BD60DB88F71F}.Debug|x64.Build.0 = Debug|x64
		{68D81F22-8047-46D3-A58E-BD60DB88F71F}.Debug|x86.ActiveCfg = Debug|Win32
		{68D81F22-8047-46D3-A58E-BD60DB88F71F}.Debug|x86.Build.0 = Debug|Win32
		{68D81F22-8047-46D3-A58E-BD60DB88F71F}.Release|x64.ActiveCfg = Release|x64
		{68D81F22-8047-46D3-A58E-BD60DB88F71F}.Release|x64.Build.0 = Release|x64
		{68D81F22-8047-46D3-A58E-BD60DB88F71F}.Release|x86.ActiveCfg = Release|Win32
		{68D81F22-8047-46D3-A58E-BD60DB88F71F}.Release|x86.Build.0 = Release|Win32
		{B60738E8-03FC-4268-9C67-4F834DB3A6EB}.Debug|x64.ActiveCfg = Debug|x64
		{B60738E8-03FC-4268-9C67-4F834DB3A6EB}.Debug|x64.Build.0 = Debug|x64
		{B60738E8-03FC-4268-9C67-4F834DB3A6EB}.Debug|x86.ActiveCfg = Debug|Win32
		{B60738E8-03FC-4268-9C67-4F834DB3A6EB}.Debug|x86.Build.0 = Debug|Win32
		{B60738E8-03FC-4268-9C67-4F834DB3A6EB}.Release|x64.ActiveCfg = Release|x64
		{B60738E8-03FC-4268-9C67-4F834DB3A6EB}.Release|x64.Build.0 = Release|x64
		{B60738E8-03FC-4268-9C67-4F834DB3A6EB}.Release|x86.ActiveCfg = Release|Win32
		{B60738E8-03FC-4268-9C67-4F834DB3A6EB}.Release|x86.Build.0 = Release|Win32
	EndGlobalSection
	GlobalSection(SolutionProperties) = preSolution
		HideSolutionNode = FALSE
	EndGlobalSection
	GlobalSection(ExtensibilityGlobals) = postSolution
		SolutionGuid = {6C9A40EA-0964-4508-BD3F-69B764049EA7}
	EndGlobalSection
EndGlobal
